
Microsoft Visual Studio Solution File, Format Version 12.00
# Visual Studio Version 17
VisualStudioVersion = 17.6.33801.468
MinimumVisualStudioVersion = 10.0.40219.1
Project("{9A19103F-16F7-4668-BE54-9A1E7A4F7556}") = "defesaCivil", "defesaCivil\defesaCivil.csproj", "{94F913F1-6D8C-48DC-B514-3650ACCC0D6D}"
EndProject
Project("{9A19103F-16F7-4668-BE54-9A1E7A4F7556}") = "defesaCivil.Domain", "defesaCivil.Domain\defesaCivil.Domain.csproj", "{DCB60143-3D4C-4D6E-B27F-4322511C7DBB}"
EndProject
Project("{9A19103F-16F7-4668-BE54-9A1E7A4F7556}") = "defesaCivil.Service", "defesaCivil.Service\defesaCivil.Service.csproj", "{9A0C7167-9436-44F3-8B99-F12FC7F68A3B}"
EndProject
Project("{FAE04EC0-301F-11D3-BF4B-00C04F79EFBC}") = "defesaCivil.Repository", "defesaCivil.Repository\defesaCivil.Repository.csproj", "{0D9B0E44-7E5F-43C7-ACC9-17FC0EA8A312}"
EndProject
Global
	GlobalSection(SolutionConfigurationPlatforms) = preSolution
		Debug|Any CPU = Debug|Any CPU
		Release|Any CPU = Release|Any CPU
	EndGlobalSection
	GlobalSection(ProjectConfigurationPlatforms) = postSolution
		{94F913F1-6D8C-48DC-B514-3650ACCC0D6D}.Debug|Any CPU.ActiveCfg = Debug|Any CPU
		{94F913F1-6D8C-48DC-B514-3650ACCC0D6D}.Debug|Any CPU.Build.0 = Debug|Any CPU
		{94F913F1-6D8C-48DC-B514-3650ACCC0D6D}.Release|Any CPU.ActiveCfg = Release|Any CPU
		{94F913F1-6D8C-48DC-B514-3650ACCC0D6D}.Release|Any CPU.Build.0 = Release|Any CPU
		{DCB60143-3D4C-4D6E-B27F-4322511C7DBB}.Debug|Any CPU.ActiveCfg = Debug|Any CPU
		{DCB60143-3D4C-4D6E-B27F-4322511C7DBB}.Debug|Any CPU.Build.0 = Debug|Any CPU
		{DCB60143-3D4C-4D6E-B27F-4322511C7DBB}.Release|Any CPU.ActiveCfg = Release|Any CPU
		{DCB60143-3D4C-4D6E-B27F-4322511C7DBB}.Release|Any CPU.Build.0 = Release|Any CPU
		{9A0C7167-9436-44F3-8B99-F12FC7F68A3B}.Debug|Any CPU.ActiveCfg = Debug|Any CPU
		{9A0C7167-9436-44F3-8B99-F12FC7F68A3B}.Debug|Any CPU.Build.0 = Debug|Any CPU
		{9A0C7167-9436-44F3-8B99-F12FC7F68A3B}.Release|Any CPU.ActiveCfg = Release|Any CPU
		{9A0C7167-9436-44F3-8B99-F12FC7F68A3B}.Release|Any CPU.Build.0 = Release|Any CPU
		{0D9B0E44-7E5F-43C7-ACC9-17FC0EA8A312}.Debug|Any CPU.ActiveCfg = Debug|Any CPU
		{0D9B0E44-7E5F-43C7-ACC9-17FC0EA8A312}.Debug|Any CPU.Build.0 = Debug|Any CPU
		{0D9B0E44-7E5F-43C7-ACC9-17FC0EA8A312}.Release|Any CPU.ActiveCfg = Release|Any CPU
		{0D9B0E44-7E5F-43C7-ACC9-17FC0EA8A312}.Release|Any CPU.Build.0 = Release|Any CPU
	EndGlobalSection
	GlobalSection(SolutionProperties) = preSolution
		HideSolutionNode = FALSE
	EndGlobalSection
	GlobalSection(ExtensibilityGlobals) = postSolution
		SolutionGuid = {931AA6FB-12DB-45EF-A77F-412845B4FBC4}
	EndGlobalSection
EndGlobal
